
Microsoft Visual Studio Solution File, Format Version 12.00
# Visual Studio 2015
Project("{FAE04EC0-301F-11D3-BF4B-00C04F79EFBC}") = "GGJ18-Transmission", "GGJ18-Transmission.csproj", "{399EF09C-484E-BB87-7210-E2C3550F3414}"
EndProject
Global
	GlobalSection(SolutionConfigurationPlatforms) = preSolution
		Debug|Any CPU = Debug|Any CPU
		Release|Any CPU = Release|Any CPU
	EndGlobalSection
	GlobalSection(ProjectConfigurationPlatforms) = postSolution
		{399EF09C-484E-BB87-7210-E2C3550F3414}.Debug|Any CPU.ActiveCfg = Debug|Any CPU
		{399EF09C-484E-BB87-7210-E2C3550F3414}.Debug|Any CPU.Build.0 = Debug|Any CPU
		{399EF09C-484E-BB87-7210-E2C3550F3414}.Release|Any CPU.ActiveCfg = Release|Any CPU
		{399EF09C-484E-BB87-7210-E2C3550F3414}.Release|Any CPU.Build.0 = Release|Any CPU
	EndGlobalSection
	GlobalSection(SolutionProperties) = preSolution
		HideSolutionNode = FALSE
	EndGlobalSection
EndGlobal
